
Microsoft Visual Studio Solution File, Format Version 12.00
# Visual Studio Version 17
VisualStudioVersion = 17.4.33205.214
MinimumVisualStudioVersion = 10.0.40219.1
Project("{FAE04EC0-301F-11D3-BF4B-00C04F79EFBC}") = "RevitAddinTesting", "ScopeBoxes\RevitAddinTesting.csproj", "{B10071A1-8B72-498C-B02F-6AB32CE14147}"
EndProject
Project("{54435603-DBB4-11D2-8724-00A0C9A8B90C}") = "ScopeBoxesAndDimensions", "ScopeBoxesAndDimensions\ScopeBoxesAndDimensions.vdproj", "{31DFA1AA-ECB2-427D-90FE-5C3404FBD976}"
EndProject
Global
	GlobalSection(SolutionConfigurationPlatforms) = preSolution
		2020Debug|Any CPU = 2020Debug|Any CPU
		2020Release|Any CPU = 2020Release|Any CPU
		2021Debug|Any CPU = 2021Debug|Any CPU
		2021Release|Any CPU = 2021Release|Any CPU
		2022Debug|Any CPU = 2022Debug|Any CPU
		2022Release|Any CPU = 2022Release|Any CPU
		2023Debug|Any CPU = 2023Debug|Any CPU
		2023Release|Any CPU = 2023Release|Any CPU
		2024Debug|Any CPU = 2024Debug|Any CPU
		2024Release|Any CPU = 2024Release|Any CPU
	EndGlobalSection
	GlobalSection(ProjectConfigurationPlatforms) = postSolution
		{B10071A1-8B72-498C-B02F-6AB32CE14147}.2020Debug|Any CPU.ActiveCfg = 2020Debug|Any CPU
		{B10071A1-8B72-498C-B02F-6AB32CE14147}.2020Debug|Any CPU.Build.0 = 2020Debug|Any CPU
		{B10071A1-8B72-498C-B02F-6AB32CE14147}.2020Release|Any CPU.ActiveCfg = 2020Debug|Any CPU
		{B10071A1-8B72-498C-B02F-6AB32CE14147}.2020Release|Any CPU.Build.0 = 2020Debug|Any CPU
		{B10071A1-8B72-498C-B02F-6AB32CE14147}.2021Debug|Any CPU.ActiveCfg = 2021Debug|Any CPU
		{B10071A1-8B72-498C-B02F-6AB32CE14147}.2021Debug|Any CPU.Build.0 = 2021Debug|Any CPU
		{B10071A1-8B72-498C-B02F-6AB32CE14147}.2021Release|Any CPU.ActiveCfg = 2021Release|Any CPU
		{B10071A1-8B72-498C-B02F-6AB32CE14147}.2021Release|Any CPU.Build.0 = 2021Release|Any CPU
		{B10071A1-8B72-498C-B02F-6AB32CE14147}.2022Debug|Any CPU.ActiveCfg = 2022Debug|Any CPU
		{B10071A1-8B72-498C-B02F-6AB32CE14147}.2022Debug|Any CPU.Build.0 = 2022Debug|Any CPU
		{B10071A1-8B72-498C-B02F-6AB32CE14147}.2022Release|Any CPU.ActiveCfg = 2022Release|Any CPU
		{B10071A1-8B72-498C-B02F-6AB32CE14147}.2022Release|Any CPU.Build.0 = 2022Release|Any CPU
		{B10071A1-8B72-498C-B02F-6AB32CE14147}.2023Debug|Any CPU.ActiveCfg = 2023Debug|Any CPU
		{B10071A1-8B72-498C-B02F-6AB32CE14147}.2023Debug|Any CPU.Build.0 = 2023Debug|Any CPU
		{B10071A1-8B72-498C-B02F-6AB32CE14147}.2023Release|Any CPU.ActiveCfg = 2023Release|Any CPU
		{B10071A1-8B72-498C-B02F-6AB32CE14147}.2023Release|Any CPU.Build.0 = 2023Release|Any CPU
		{B10071A1-8B72-498C-B02F-6AB32CE14147}.2024Debug|Any CPU.ActiveCfg = 2024Debug|Any CPU
		{B10071A1-8B72-498C-B02F-6AB32CE14147}.2024Debug|Any CPU.Build.0 = 2024Debug|Any CPU
		{B10071A1-8B72-498C-B02F-6AB32CE14147}.2024Release|Any CPU.ActiveCfg = 2024Release|Any CPU
		{B10071A1-8B72-498C-B02F-6AB32CE14147}.2024Release|Any CPU.Build.0 = 2024Release|Any CPU
		{31DFA1AA-ECB2-427D-90FE-5C3404FBD976}.2020Debug|Any CPU.ActiveCfg = Debug
		{31DFA1AA-ECB2-427D-90FE-5C3404FBD976}.2020Release|Any CPU.ActiveCfg = Release
		{31DFA1AA-ECB2-427D-90FE-5C3404FBD976}.2021Debug|Any CPU.ActiveCfg = Debug
		{31DFA1AA-ECB2-427D-90FE-5C3404FBD976}.2021Release|Any CPU.ActiveCfg = Release
		{31DFA1AA-ECB2-427D-90FE-5C3404FBD976}.2022Debug|Any CPU.ActiveCfg = Debug
		{31DFA1AA-ECB2-427D-90FE-5C3404FBD976}.2022Release|Any CPU.ActiveCfg = Release
		{31DFA1AA-ECB2-427D-90FE-5C3404FBD976}.2023Debug|Any CPU.ActiveCfg = Debug
		{31DFA1AA-ECB2-427D-90FE-5C3404FBD976}.2023Release|Any CPU.ActiveCfg = Release
		{31DFA1AA-ECB2-427D-90FE-5C3404FBD976}.2024Debug|Any CPU.ActiveCfg = Debug
		{31DFA1AA-ECB2-427D-90FE-5C3404FBD976}.2024Release|Any CPU.ActiveCfg = Release
	EndGlobalSection
	GlobalSection(SolutionProperties) = preSolution
		HideSolutionNode = FALSE
	EndGlobalSection
	GlobalSection(ExtensibilityGlobals) = postSolution
		SolutionGuid = {02BBF96C-6781-47A4-9CAB-04C457B2FF00}
	EndGlobalSection
EndGlobal
